
Microsoft Visual Studio Solution File, Format Version 12.00
# Visual Studio Version 17
VisualStudioVersion = 17.3.32929.385
MinimumVisualStudioVersion = 10.0.40219.1
Project("{FAE04EC0-301F-11D3-BF4B-00C04F79EFBC}") = "K_Means", "Practice_Artificial intelligence\K_Means.csproj", "{5DB94342-E316-4FA3-B73C-82E7F3EBA2C9}"
EndProject
Project("{FAE04EC0-301F-11D3-BF4B-00C04F79EFBC}") = "C-Means", "C-Means\C-Means.csproj", "{566F5B79-14E3-42D6-9AA1-A9CE22435831}"
EndProject
Global
	GlobalSection(SolutionConfigurationPlatforms) = preSolution
		Debug|Any CPU = Debug|Any CPU
		Release|Any CPU = Release|Any CPU
	EndGlobalSection
	GlobalSection(ProjectConfigurationPlatforms) = postSolution
		{5DB94342-E316-4FA3-B73C-82E7F3EBA2C9}.Debug|Any CPU.ActiveCfg = Debug|Any CPU
		{5DB94342-E316-4FA3-B73C-82E7F3EBA2C9}.Debug|Any CPU.Build.0 = Debug|Any CPU
		{5DB94342-E316-4FA3-B73C-82E7F3EBA2C9}.Release|Any CPU.ActiveCfg = Release|Any CPU
		{5DB94342-E316-4FA3-B73C-82E7F3EBA2C9}.Release|Any CPU.Build.0 = Release|Any CPU
		{566F5B79-14E3-42D6-9AA1-A9CE22435831}.Debug|Any CPU.ActiveCfg = Debug|Any CPU
		{566F5B79-14E3-42D6-9AA1-A9CE22435831}.Debug|Any CPU.Build.0 = Debug|Any CPU
		{566F5B79-14E3-42D6-9AA1-A9CE22435831}.Release|Any CPU.ActiveCfg = Release|Any CPU
		{566F5B79-14E3-42D6-9AA1-A9CE22435831}.Release|Any CPU.Build.0 = Release|Any CPU
	EndGlobalSection
	GlobalSection(SolutionProperties) = preSolution
		HideSolutionNode = FALSE
	EndGlobalSection
	GlobalSection(ExtensibilityGlobals) = postSolution
		SolutionGuid = {C66831DF-2559-46F9-99C7-B4F790671CAE}
	EndGlobalSection
EndGlobal
